
Microsoft Visual Studio Solution File, Format Version 12.00
# Visual Studio Version 17
VisualStudioVersion = 17.6.33723.286
MinimumVisualStudioVersion = 10.0.40219.1
Project("{FAE04EC0-301F-11D3-BF4B-00C04F79EFBC}") = "Phil's-Lending-Library", "Phil's-Lending-Library\Phil's-Lending-Library.csproj", "{A048B642-B199-40D9-8CF8-0441B85CEEB0}"
EndProject
Global
	GlobalSection(SolutionConfigurationPlatforms) = preSolution
		Debug|Any CPU = Debug|Any CPU
		Release|Any CPU = Release|Any CPU
	EndGlobalSection
	GlobalSection(ProjectConfigurationPlatforms) = postSolution
		{A048B642-B199-40D9-8CF8-0441B85CEEB0}.Debug|Any CPU.ActiveCfg = Debug|Any CPU
		{A048B642-B199-40D9-8CF8-0441B85CEEB0}.Debug|Any CPU.Build.0 = Debug|Any CPU
		{A048B642-B199-40D9-8CF8-0441B85CEEB0}.Release|Any CPU.ActiveCfg = Release|Any CPU
		{A048B642-B199-40D9-8CF8-0441B85CEEB0}.Release|Any CPU.Build.0 = Release|Any CPU
	EndGlobalSection
	GlobalSection(SolutionProperties) = preSolution
		HideSolutionNode = FALSE
	EndGlobalSection
	GlobalSection(ExtensibilityGlobals) = postSolution
		SolutionGuid = {BF32A106-8D27-4292-BBC8-B283F97564AB}
	EndGlobalSection
EndGlobal
